
Microsoft Visual Studio Solution File, Format Version 12.00
# Visual Studio Version 17
VisualStudioVersion = 17.7.34024.191
MinimumVisualStudioVersion = 10.0.40219.1
Project("{9A19103F-16F7-4668-BE54-9A1E7A4F7556}") = "TP_MVVM", "TP_MVVM\TP_MVVM.csproj", "{485B023E-11D5-417B-B806-B49ADBCEA4F1}"
EndProject
Project("{9A19103F-16F7-4668-BE54-9A1E7A4F7556}") = "DtoAbstractLayer", "DtoAbstractLayer\DtoAbstractLayer.csproj", "{1DFC12A5-5D86-4F7E-9895-3321003D76A4}"
EndProject
Project("{9A19103F-16F7-4668-BE54-9A1E7A4F7556}") = "ExtensionsAndMappers", "ExtensionsAndMappers\ExtensionsAndMappers.csproj", "{A056D15D-D50A-40C7-87E9-C26D7A2FB8A8}"
EndProject
Project("{9A19103F-16F7-4668-BE54-9A1E7A4F7556}") = "JsonReader", "JsonReader\JsonReader.csproj", "{FC06600B-8EA8-43C0-BA2A-B8DFEE2BFA9D}"
EndProject
Project("{9A19103F-16F7-4668-BE54-9A1E7A4F7556}") = "LibraryDTO", "LibraryDTO\LibraryDTO.csproj", "{6BF249D7-0631-4633-BD83-7BB1D2495653}"
EndProject
Project("{9A19103F-16F7-4668-BE54-9A1E7A4F7556}") = "Model", "Model\Model.csproj", "{D762C37B-AB7C-431D-9521-76F76379D8CB}"
EndProject
Project("{9A19103F-16F7-4668-BE54-9A1E7A4F7556}") = "Stub", "Stub\Stub.csproj", "{58613707-6679-4807-B894-FEF9DF5AA387}"
EndProject
Project("{9A19103F-16F7-4668-BE54-9A1E7A4F7556}") = "StubbedDTO", "StubbedDTO\StubbedDTO.csproj", "{0BC9AAA3-DD55-4D6D-BF58-B82CE0E7AD23}"
EndProject
Project("{9A19103F-16F7-4668-BE54-9A1E7A4F7556}") = "TestsModel", "Tests\TestsModel\TestsModel.csproj", "{3E492E56-66FD-4A14-B4A5-8988E50F9F3C}"
EndProject
Project("{9A19103F-16F7-4668-BE54-9A1E7A4F7556}") = "Utils", "Utils\Utils.csproj", "{D56C6C54-A499-4B7E-A1C4-96CBD98B2D68}"
EndProject
Project("{FAE04EC0-301F-11D3-BF4B-00C04F79EFBC}") = "ViewModelWrapper", "ViewModelWrapper\ViewModelWrapper.csproj", "{DF0520D5-AECE-4B21-980F-7A3096DDBE4D}"
EndProject
Global
	GlobalSection(SolutionConfigurationPlatforms) = preSolution
		Debug|Any CPU = Debug|Any CPU
		Release|Any CPU = Release|Any CPU
	EndGlobalSection
	GlobalSection(ProjectConfigurationPlatforms) = postSolution
		{485B023E-11D5-417B-B806-B49ADBCEA4F1}.Debug|Any CPU.ActiveCfg = Debug|Any CPU
		{485B023E-11D5-417B-B806-B49ADBCEA4F1}.Debug|Any CPU.Build.0 = Debug|Any CPU
		{485B023E-11D5-417B-B806-B49ADBCEA4F1}.Debug|Any CPU.Deploy.0 = Debug|Any CPU
		{485B023E-11D5-417B-B806-B49ADBCEA4F1}.Release|Any CPU.ActiveCfg = Release|Any CPU
		{485B023E-11D5-417B-B806-B49ADBCEA4F1}.Release|Any CPU.Build.0 = Release|Any CPU
		{485B023E-11D5-417B-B806-B49ADBCEA4F1}.Release|Any CPU.Deploy.0 = Release|Any CPU
		{1DFC12A5-5D86-4F7E-9895-3321003D76A4}.Debug|Any CPU.ActiveCfg = Debug|Any CPU
		{1DFC12A5-5D86-4F7E-9895-3321003D76A4}.Debug|Any CPU.Build.0 = Debug|Any CPU
		{1DFC12A5-5D86-4F7E-9895-3321003D76A4}.Release|Any CPU.ActiveCfg = Release|Any CPU
		{1DFC12A5-5D86-4F7E-9895-3321003D76A4}.Release|Any CPU.Build.0 = Release|Any CPU
		{A056D15D-D50A-40C7-87E9-C26D7A2FB8A8}.Debug|Any CPU.ActiveCfg = Debug|Any CPU
		{A056D15D-D50A-40C7-87E9-C26D7A2FB8A8}.Debug|Any CPU.Build.0 = Debug|Any CPU
		{A056D15D-D50A-40C7-87E9-C26D7A2FB8A8}.Release|Any CPU.ActiveCfg = Release|Any CPU
		{A056D15D-D50A-40C7-87E9-C26D7A2FB8A8}.Release|Any CPU.Build.0 = Release|Any CPU
		{FC06600B-8EA8-43C0-BA2A-B8DFEE2BFA9D}.Debug|Any CPU.ActiveCfg = Debug|Any CPU
		{FC06600B-8EA8-43C0-BA2A-B8DFEE2BFA9D}.Debug|Any CPU.Build.0 = Debug|Any CPU
		{FC06600B-8EA8-43C0-BA2A-B8DFEE2BFA9D}.Release|Any CPU.ActiveCfg = Release|Any CPU
		{FC06600B-8EA8-43C0-BA2A-B8DFEE2BFA9D}.Release|Any CPU.Build.0 = Release|Any CPU
		{6BF249D7-0631-4633-BD83-7BB1D2495653}.Debug|Any CPU.ActiveCfg = Debug|Any CPU
		{6BF249D7-0631-4633-BD83-7BB1D2495653}.Debug|Any CPU.Build.0 = Debug|Any CPU
		{6BF249D7-0631-4633-BD83-7BB1D2495653}.Release|Any CPU.ActiveCfg = Release|Any CPU
		{6BF249D7-0631-4633-BD83-7BB1D2495653}.Release|Any CPU.Build.0 = Release|Any CPU
		{D762C37B-AB7C-431D-9521-76F76379D8CB}.Debug|Any CPU.ActiveCfg = Debug|Any CPU
		{D762C37B-AB7C-431D-9521-76F76379D8CB}.Debug|Any CPU.Build.0 = Debug|Any CPU
		{D762C37B-AB7C-431D-9521-76F76379D8CB}.Release|Any CPU.ActiveCfg = Release|Any CPU
		{D762C37B-AB7C-431D-9521-76F76379D8CB}.Release|Any CPU.Build.0 = Release|Any CPU
		{58613707-6679-4807-B894-FEF9DF5AA387}.Debug|Any CPU.ActiveCfg = Debug|Any CPU
		{58613707-6679-4807-B894-FEF9DF5AA387}.Debug|Any CPU.Build.0 = Debug|Any CPU
		{58613707-6679-4807-B894-FEF9DF5AA387}.Release|Any CPU.ActiveCfg = Release|Any CPU
		{58613707-6679-4807-B894-FEF9DF5AA387}.Release|Any CPU.Build.0 = Release|Any CPU
		{0BC9AAA3-DD55-4D6D-BF58-B82CE0E7AD23}.Debug|Any CPU.ActiveCfg = Debug|Any CPU
		{0BC9AAA3-DD55-4D6D-BF58-B82CE0E7AD23}.Debug|Any CPU.Build.0 = Debug|Any CPU
		{0BC9AAA3-DD55-4D6D-BF58-B82CE0E7AD23}.Release|Any CPU.ActiveCfg = Release|Any CPU
		{0BC9AAA3-DD55-4D6D-BF58-B82CE0E7AD23}.Release|Any CPU.Build.0 = Release|Any CPU
		{3E492E56-66FD-4A14-B4A5-8988E50F9F3C}.Debug|Any CPU.ActiveCfg = Debug|Any CPU
		{3E492E56-66FD-4A14-B4A5-8988E50F9F3C}.Debug|Any CPU.Build.0 = Debug|Any CPU
		{3E492E56-66FD-4A14-B4A5-8988E50F9F3C}.Release|Any CPU.ActiveCfg = Release|Any CPU
		{3E492E56-66FD-4A14-B4A5-8988E50F9F3C}.Release|Any CPU.Build.0 = Release|Any CPU
		{D56C6C54-A499-4B7E-A1C4-96CBD98B2D68}.Debug|Any CPU.ActiveCfg = Debug|Any CPU
		{D56C6C54-A499-4B7E-A1C4-96CBD98B2D68}.Debug|Any CPU.Build.0 = Debug|Any CPU
		{D56C6C54-A499-4B7E-A1C4-96CBD98B2D68}.Release|Any CPU.ActiveCfg = Release|Any CPU
		{D56C6C54-A499-4B7E-A1C4-96CBD98B2D68}.Release|Any CPU.Build.0 = Release|Any CPU
		{DF0520D5-AECE-4B21-980F-7A3096DDBE4D}.Debug|Any CPU.ActiveCfg = Debug|Any CPU
		{DF0520D5-AECE-4B21-980F-7A3096DDBE4D}.Debug|Any CPU.Build.0 = Debug|Any CPU
		{DF0520D5-AECE-4B21-980F-7A3096DDBE4D}.Release|Any CPU.ActiveCfg = Release|Any CPU
		{DF0520D5-AECE-4B21-980F-7A3096DDBE4D}.Release|Any CPU.Build.0 = Release|Any CPU
	EndGlobalSection
	GlobalSection(SolutionProperties) = preSolution
		HideSolutionNode = FALSE
	EndGlobalSection
	GlobalSection(ExtensibilityGlobals) = postSolution
		SolutionGuid = {411B83C9-A317-494A-91E6-9B47802C6F97}
	EndGlobalSection
EndGlobal
